
Microsoft Visual Studio Solution File, Format Version 12.00
# Visual Studio Version 16
VisualStudioVersion = 16.0.33130.400
MinimumVisualStudioVersion = 10.0.40219.1
Project("{8BC9CEB8-8B4A-11D0-8D11-00A0C91BC942}") = "AbstractAimCSGO", "AbstractAimCSGO\AbstractAimCSGO.vcxproj", "{A9129FBF-AD1B-42EF-9279-F7D41706084C}"
EndProject
Global
	GlobalSection(SolutionConfigurationPlatforms) = preSolution
		Debug|x64 = Debug|x64
		Debug|x86 = Debug|x86
		Release|x64 = Release|x64
		Release|x86 = Release|x86
	EndGlobalSection
	GlobalSection(ProjectConfigurationPlatforms) = postSolution
		{A9129FBF-AD1B-42EF-9279-F7D41706084C}.Debug|x64.ActiveCfg = Debug|x64
		{A9129FBF-AD1B-42EF-9279-F7D41706084C}.Debug|x64.Build.0 = Debug|x64
		{A9129FBF-AD1B-42EF-9279-F7D41706084C}.Debug|x86.ActiveCfg = Debug|Win32
		{A9129FBF-AD1B-42EF-9279-F7D41706084C}.Debug|x86.Build.0 = Debug|Win32
		{A9129FBF-AD1B-42EF-9279-F7D41706084C}.Release|x64.ActiveCfg = Release|x64
		{A9129FBF-AD1B-42EF-9279-F7D41706084C}.Release|x64.Build.0 = Release|x64
		{A9129FBF-AD1B-42EF-9279-F7D41706084C}.Release|x86.ActiveCfg = Release|Win32
		{A9129FBF-AD1B-42EF-9279-F7D41706084C}.Release|x86.Build.0 = Release|Win32
	EndGlobalSection
	GlobalSection(SolutionProperties) = preSolution
		HideSolutionNode = FALSE
	EndGlobalSection
	GlobalSection(ExtensibilityGlobals) = postSolution
		SolutionGuid = {7BBD8756-9710-4AFE-9FD9-73EB177D7411}
	EndGlobalSection
EndGlobal
